
Microsoft Visual Studio Solution File, Format Version 12.00
# Visual Studio Version 16
VisualStudioVersion = 16.0.31515.178
MinimumVisualStudioVersion = 10.0.40219.1
Project("{9A19103F-16F7-4668-BE54-9A1E7A4F7556}") = "LocadoraVeiculo.Application", "LocadoraVeiculo.Application.csproj", "{2D6163D3-3239-43FE-8062-9361BE0A06DE}"
EndProject
Project("{FAE04EC0-301F-11D3-BF4B-00C04F79EFBC}") = "LocadoraVeiculo.Domain", "..\LocadoraVeiculo.Domain\LocadoraVeiculo.Domain.csproj", "{6F059107-37C9-4956-9712-143C5947B7DD}"
EndProject
Project("{FAE04EC0-301F-11D3-BF4B-00C04F79EFBC}") = "LocadoraVeiculo.Services", "..\Locadora.Veiculo.Services\LocadoraVeiculo.Services.csproj", "{13A15FA4-0A75-4DD6-B430-9D779A4F93B7}"
EndProject
Project("{2150E333-8FDC-42A3-9474-1A3956D46DE8}") = "1 - Application", "1 - Application", "{E0B966EC-99A2-40B7-B45D-A240731DE307}"
EndProject
Project("{2150E333-8FDC-42A3-9474-1A3956D46DE8}") = "2 - Services", "2 - Services", "{836DFE45-3681-4C24-9854-924BA77617ED}"
EndProject
Project("{2150E333-8FDC-42A3-9474-1A3956D46DE8}") = "4 - Domain", "4 - Domain", "{C1894A02-9BBB-4D36-9107-34986255ECF4}"
EndProject
Project("{2150E333-8FDC-42A3-9474-1A3956D46DE8}") = "3 - Repository", "3 - Repository", "{4E2D4BF4-57D7-4A39-B7C6-B93DCA26D567}"
EndProject
Project("{FAE04EC0-301F-11D3-BF4B-00C04F79EFBC}") = "LocadoraVeiculo.Repository", "..\LocadoraVeiculo.Repository\LocadoraVeiculo.Repository.csproj", "{FB956FD8-43B3-4ACD-87D0-131DE3F43BE3}"
EndProject
Global
	GlobalSection(SolutionConfigurationPlatforms) = preSolution
		Debug|Any CPU = Debug|Any CPU
		Release|Any CPU = Release|Any CPU
	EndGlobalSection
	GlobalSection(ProjectConfigurationPlatforms) = postSolution
		{2D6163D3-3239-43FE-8062-9361BE0A06DE}.Debug|Any CPU.ActiveCfg = Debug|Any CPU
		{2D6163D3-3239-43FE-8062-9361BE0A06DE}.Debug|Any CPU.Build.0 = Debug|Any CPU
		{2D6163D3-3239-43FE-8062-9361BE0A06DE}.Release|Any CPU.ActiveCfg = Release|Any CPU
		{2D6163D3-3239-43FE-8062-9361BE0A06DE}.Release|Any CPU.Build.0 = Release|Any CPU
		{6F059107-37C9-4956-9712-143C5947B7DD}.Debug|Any CPU.ActiveCfg = Debug|Any CPU
		{6F059107-37C9-4956-9712-143C5947B7DD}.Debug|Any CPU.Build.0 = Debug|Any CPU
		{6F059107-37C9-4956-9712-143C5947B7DD}.Release|Any CPU.ActiveCfg = Release|Any CPU
		{6F059107-37C9-4956-9712-143C5947B7DD}.Release|Any CPU.Build.0 = Release|Any CPU
		{13A15FA4-0A75-4DD6-B430-9D779A4F93B7}.Debug|Any CPU.ActiveCfg = Debug|Any CPU
		{13A15FA4-0A75-4DD6-B430-9D779A4F93B7}.Debug|Any CPU.Build.0 = Debug|Any CPU
		{13A15FA4-0A75-4DD6-B430-9D779A4F93B7}.Release|Any CPU.ActiveCfg = Release|Any CPU
		{13A15FA4-0A75-4DD6-B430-9D779A4F93B7}.Release|Any CPU.Build.0 = Release|Any CPU
		{FB956FD8-43B3-4ACD-87D0-131DE3F43BE3}.Debug|Any CPU.ActiveCfg = Debug|Any CPU
		{FB956FD8-43B3-4ACD-87D0-131DE3F43BE3}.Debug|Any CPU.Build.0 = Debug|Any CPU
		{FB956FD8-43B3-4ACD-87D0-131DE3F43BE3}.Release|Any CPU.ActiveCfg = Release|Any CPU
		{FB956FD8-43B3-4ACD-87D0-131DE3F43BE3}.Release|Any CPU.Build.0 = Release|Any CPU
	EndGlobalSection
	GlobalSection(SolutionProperties) = preSolution
		HideSolutionNode = FALSE
	EndGlobalSection
	GlobalSection(NestedProjects) = preSolution
		{2D6163D3-3239-43FE-8062-9361BE0A06DE} = {E0B966EC-99A2-40B7-B45D-A240731DE307}
		{6F059107-37C9-4956-9712-143C5947B7DD} = {C1894A02-9BBB-4D36-9107-34986255ECF4}
		{13A15FA4-0A75-4DD6-B430-9D779A4F93B7} = {836DFE45-3681-4C24-9854-924BA77617ED}
		{FB956FD8-43B3-4ACD-87D0-131DE3F43BE3} = {4E2D4BF4-57D7-4A39-B7C6-B93DCA26D567}
	EndGlobalSection
	GlobalSection(ExtensibilityGlobals) = postSolution
		SolutionGuid = {C1B7447D-8671-4B24-BCCC-4CA921325521}
	EndGlobalSection
EndGlobal
